
Microsoft Visual Studio Solution File, Format Version 12.00
# Visual Studio Version 17
VisualStudioVersion = 17.0.31903.59
MinimumVisualStudioVersion = 10.0.40219.1
Project("{FAE04EC0-301F-11D3-BF4B-00C04F79EFBC}") = "big_project_practiceToFinal_test", "big_project_practiceToFinal_test\big_project_practiceToFinal_test.csproj", "{5CAEA04F-3267-4B9A-BCDA-03472320EAB3}"
EndProject
Global
	GlobalSection(SolutionConfigurationPlatforms) = preSolution
		Debug|Any CPU = Debug|Any CPU
		Release|Any CPU = Release|Any CPU
	EndGlobalSection
	GlobalSection(ProjectConfigurationPlatforms) = postSolution
		{5CAEA04F-3267-4B9A-BCDA-03472320EAB3}.Debug|Any CPU.ActiveCfg = Debug|Any CPU
		{5CAEA04F-3267-4B9A-BCDA-03472320EAB3}.Debug|Any CPU.Build.0 = Debug|Any CPU
		{5CAEA04F-3267-4B9A-BCDA-03472320EAB3}.Release|Any CPU.ActiveCfg = Release|Any CPU
		{5CAEA04F-3267-4B9A-BCDA-03472320EAB3}.Release|Any CPU.Build.0 = Release|Any CPU
	EndGlobalSection
	GlobalSection(SolutionProperties) = preSolution
		HideSolutionNode = FALSE
	EndGlobalSection
	GlobalSection(ExtensibilityGlobals) = postSolution
		SolutionGuid = {2CEDE051-F298-496A-BE1E-390E8A880896}
	EndGlobalSection
EndGlobal
